<?xml version="1.0" encoding="utf-8"?>
<Project ToolsVersion="4.0" xmlns="http://schemas.microsoft.com/developer/msbuild/2003">
  <ItemGroup>
    <Filter Include="Source Files">
      <UniqueIdentifier>{11c2a9f8-501f-452c-bbcb-16adceb7eaa3}</UniqueIdentifier>
      <Extensions>cpp;c;cxx;rc;def;r;odl;idl;hpj;bat</Extensions>
    </Filter>
    <Filter Include="Header Files">
      <UniqueIdentifier>{9a6627f0-1464-44c2-91e3-f3153c44f7ba}</UniqueIdentifier>
      <Extensions>h;hpp;hxx;hm;inl</Extensions>
    </Filter>
  </ItemGroup>
  <ItemGroup>
    <ClCompile Include="BoxFilter.cpp">
      <Filter>Source Files</Filter>
    </ClCompile>
    <ClCompile Include="Convert.cpp">
      <Filter>Source Files</Filter>
    </ClCompile>
    <ClCompile Include="Convolve.cpp">
      <Filter>Source Files</Filter>
    </ClCompile>
    <ClCompile Include="Histogram1D.cpp">
      <Filter>Source Files</Filter>
    </ClCompile>
    <ClCompile Include="Image.cpp">
      <Filter>Source Files</Filter>
    </ClCompile>
    <ClCompile Include="ImageIO.cpp">
      <Filter>Source Files</Filter>
    </ClCompile>
    <ClCompile Include="main.cpp">
      <Filter>Source Files</Filter>
    </ClCompile>
    <ClCompile Include="maxflow\maxflow.c">
      <Filter>Source Files</Filter>
    </ClCompile>
    <ClCompile Include="MinFilter.cpp">
      <Filter>Source Files</Filter>
    </ClCompile>
    <ClCompile Include="ParameterIO.cpp">
      <Filter>Source Files</Filter>
    </ClCompile>
    <ClCompile Include="RefCntMem.cpp">
      <Filter>Source Files</Filter>
    </ClCompile>
    <ClCompile Include="StcAggregate.cpp">
      <Filter>Source Files</Filter>
    </ClCompile>
    <ClCompile Include="StcDiffusion.cpp">
      <Filter>Source Files</Filter>
    </ClCompile>
    <ClCompile Include="StcEvaluate.cpp">
      <Filter>Source Files</Filter>
    </ClCompile>
    <ClCompile Include="StcGraphCut.cpp">
      <Filter>Source Files</Filter>
    </ClCompile>
    <ClCompile Include="StcOptDP.cpp">
      <Filter>Source Files</Filter>
    </ClCompile>
    <ClCompile Include="StcOptimize.cpp">
      <Filter>Source Files</Filter>
    </ClCompile>
    <ClCompile Include="StcOptSO.cpp">
      <Filter>Source Files</Filter>
    </ClCompile>
    <ClCompile Include="StcPreProcess.cpp">
      <Filter>Source Files</Filter>
    </ClCompile>
    <ClCompile Include="StcRawCosts.cpp">
      <Filter>Source Files</Filter>
    </ClCompile>
    <ClCompile Include="StcRefine.cpp">
      <Filter>Source Files</Filter>
    </ClCompile>
    <ClCompile Include="StcSimulAnn.cpp">
      <Filter>Source Files</Filter>
    </ClCompile>
    <ClCompile Include="StereoIO.cpp">
      <Filter>Source Files</Filter>
    </ClCompile>
    <ClCompile Include="StereoMatcher.cpp">
      <Filter>Source Files</Filter>
    </ClCompile>
    <ClCompile Include="StereoParameters.cpp">
      <Filter>Source Files</Filter>
    </ClCompile>
    <ClCompile Include="Warp1D.cpp">
      <Filter>Source Files</Filter>
    </ClCompile>
  </ItemGroup>
  <ItemGroup>
    <ClInclude Include="BoxFilter.h">
      <Filter>Header Files</Filter>
    </ClInclude>
    <ClInclude Include="Convert.h">
      <Filter>Header Files</Filter>
    </ClInclude>
    <ClInclude Include="Convolve.h">
      <Filter>Header Files</Filter>
    </ClInclude>
    <ClInclude Include="Copyright.h">
      <Filter>Header Files</Filter>
    </ClInclude>
    <ClInclude Include="Error.h">
      <Filter>Header Files</Filter>
    </ClInclude>
    <ClInclude Include="Histogram1D.h">
      <Filter>Header Files</Filter>
    </ClInclude>
    <ClInclude Include="Image.h">
      <Filter>Header Files</Filter>
    </ClInclude>
    <ClInclude Include="ImageIO.h">
      <Filter>Header Files</Filter>
    </ClInclude>
    <ClInclude Include="maxflow\maxflow.h">
      <Filter>Header Files</Filter>
    </ClInclude>
    <ClInclude Include="MinFilter.h">
      <Filter>Header Files</Filter>
    </ClInclude>
    <ClInclude Include="ParameterIO.h">
      <Filter>Header Files</Filter>
    </ClInclude>
    <ClInclude Include="RefCntMem.h">
      <Filter>Header Files</Filter>
    </ClInclude>
    <ClInclude Include="StereoIO.h">
      <Filter>Header Files</Filter>
    </ClInclude>
    <ClInclude Include="StereoMatcher.h">
      <Filter>Header Files</Filter>
    </ClInclude>
    <ClInclude Include="StereoParameters.h">
      <Filter>Header Files</Filter>
    </ClInclude>
    <ClInclude Include="Verbose.h">
      <Filter>Header Files</Filter>
    </ClInclude>
    <ClInclude Include="Warp1D.h">
      <Filter>Header Files</Filter>
    </ClInclude>
    <ClInclude Include="CudaConvolve.h">
      <Filter>Header Files</Filter>
    </ClInclude>
    <ClInclude Include="CudaUtilities.h">
      <Filter>Header Files</Filter>
    </ClInclude>
    <ClInclude Include="CudaBoxFilter.h">
      <Filter>Header Files</Filter>
    </ClInclude>
    <ClInclude Include="StcRawCost.h">
      <Filter>Header Files</Filter>
    </ClInclude>
  </ItemGroup>
  <ItemGroup>
    <CustomBuild Include="README-StereoMatch.txt" />
  </ItemGroup>
  <ItemGroup>
    <CudaCompile Include="CudaUtilities.cu">
      <Filter>Source Files</Filter>
    </CudaCompile>
    <CudaCompile Include="CudaConvolve.cu">
      <Filter>Source Files</Filter>
    </CudaCompile>
    <CudaCompile Include="CudaBoxFilter.cu">
      <Filter>Source Files</Filter>
    </CudaCompile>
    <CudaCompile Include="StcRawCost.cu">
      <Filter>Source Files</Filter>
    </CudaCompile>
    <CudaCompile Include="vectoradd.cu">
      <Filter>Source Files</Filter>
    </CudaCompile>
  </ItemGroup>
</Project>