
Microsoft Visual Studio Solution File, Format Version 11.00
# Visual Studio 2010
Project("{8BC9CEB8-8B4A-11D0-8D11-00A0C91BC942}") = "StereoMatch", "StereoMatch.vcxproj", "{3957D2DE-B4C7-2E35-40A7-63212E6FE849}"
EndProject
Global
	GlobalSection(SolutionConfigurationPlatforms) = preSolution
		Debug|Win32 = Debug|Win32
		Release|Win32 = Release|Win32
	EndGlobalSection
	GlobalSection(ProjectConfigurationPlatforms) = postSolution
		{3957D2DE-B4C7-2E35-40A7-63212E6FE849}.Debug|Win32.ActiveCfg = Debug|Win32
		{3957D2DE-B4C7-2E35-40A7-63212E6FE849}.Debug|Win32.Build.0 = Debug|Win32
		{3957D2DE-B4C7-2E35-40A7-63212E6FE849}.Release|Win32.ActiveCfg = Release|Win32
		{3957D2DE-B4C7-2E35-40A7-63212E6FE849}.Release|Win32.Build.0 = Release|Win32
	EndGlobalSection
	GlobalSection(SolutionProperties) = preSolution
		HideSolutionNode = FALSE
	EndGlobalSection
EndGlobal
